
Microsoft Visual Studio Solution File, Format Version 12.00
# Visual Studio 2013
VisualStudioVersion = 12.0.31101.0
MinimumVisualStudioVersion = 10.0.40219.1
Project("{FAE04EC0-301F-11D3-BF4B-00C04F79EFBC}") = "DIRC", "DIRC\DIRC\DIRC.csproj", "{EE6A63E4-B111-4235-BBE5-B9038690CDF7}"
EndProject
Project("{FAE04EC0-301F-11D3-BF4B-00C04F79EFBC}") = "DIRC.iOS", "DIRC\DIRC.iOS\DIRC.iOS.csproj", "{9A8E9E9D-E7BF-44D6-BADE-AF2E0F1949B5}"
EndProject
Project("{FAE04EC0-301F-11D3-BF4B-00C04F79EFBC}") = "DIRC.Droid", "DIRC\DIRC.Droid\DIRC.Droid.csproj", "{EE36A713-0E14-4D62-AD8D-AAE5B42A7BA6}"
EndProject
Project("{FAE04EC0-301F-11D3-BF4B-00C04F79EFBC}") = "DIRC.WinPhone", "DIRC\DIRC.WinPhone\DIRC.WinPhone.csproj", "{FD8F559C-6753-4BEF-83F0-2B03F857E635}"
EndProject
Global
	GlobalSection(SolutionConfigurationPlatforms) = preSolution
		Ad-Hoc|Any CPU = Ad-Hoc|Any CPU
		Ad-Hoc|ARM = Ad-Hoc|ARM
		Ad-Hoc|iPhone = Ad-Hoc|iPhone
		Ad-Hoc|iPhoneSimulator = Ad-Hoc|iPhoneSimulator
		Ad-Hoc|Mixed Platforms = Ad-Hoc|Mixed Platforms
		Ad-Hoc|x86 = Ad-Hoc|x86
		AppStore|Any CPU = AppStore|Any CPU
		AppStore|ARM = AppStore|ARM
		AppStore|iPhone = AppStore|iPhone
		AppStore|iPhoneSimulator = AppStore|iPhoneSimulator
		AppStore|Mixed Platforms = AppStore|Mixed Platforms
		AppStore|x86 = AppStore|x86
		Debug|Any CPU = Debug|Any CPU
		Debug|ARM = Debug|ARM
		Debug|iPhone = Debug|iPhone
		Debug|iPhoneSimulator = Debug|iPhoneSimulator
		Debug|Mixed Platforms = Debug|Mixed Platforms
		Debug|x86 = Debug|x86
		Release|Any CPU = Release|Any CPU
		Release|ARM = Release|ARM
		Release|iPhone = Release|iPhone
		Release|iPhoneSimulator = Release|iPhoneSimulator
		Release|Mixed Platforms = Release|Mixed Platforms
		Release|x86 = Release|x86
	EndGlobalSection
	GlobalSection(ProjectConfigurationPlatforms) = postSolution
		{EE6A63E4-B111-4235-BBE5-B9038690CDF7}.Ad-Hoc|Any CPU.ActiveCfg = Release|Any CPU
		{EE6A63E4-B111-4235-BBE5-B9038690CDF7}.Ad-Hoc|Any CPU.Build.0 = Release|Any CPU
		{EE6A63E4-B111-4235-BBE5-B9038690CDF7}.Ad-Hoc|ARM.ActiveCfg = Release|Any CPU
		{EE6A63E4-B111-4235-BBE5-B9038690CDF7}.Ad-Hoc|iPhone.ActiveCfg = Release|Any CPU
		{EE6A63E4-B111-4235-BBE5-B9038690CDF7}.Ad-Hoc|iPhoneSimulator.ActiveCfg = Release|Any CPU
		{EE6A63E4-B111-4235-BBE5-B9038690CDF7}.Ad-Hoc|Mixed Platforms.ActiveCfg = Release|Any CPU
		{EE6A63E4-B111-4235-BBE5-B9038690CDF7}.Ad-Hoc|Mixed Platforms.Build.0 = Release|Any CPU
		{EE6A63E4-B111-4235-BBE5-B9038690CDF7}.Ad-Hoc|x86.ActiveCfg = Release|Any CPU
		{EE6A63E4-B111-4235-BBE5-B9038690CDF7}.AppStore|Any CPU.ActiveCfg = Release|Any CPU
		{EE6A63E4-B111-4235-BBE5-B9038690CDF7}.AppStore|Any CPU.Build.0 = Release|Any CPU
		{EE6A63E4-B111-4235-BBE5-B9038690CDF7}.AppStore|ARM.ActiveCfg = Release|Any CPU
		{EE6A63E4-B111-4235-BBE5-B9038690CDF7}.AppStore|iPhone.ActiveCfg = Release|Any CPU
		{EE6A63E4-B111-4235-BBE5-B9038690CDF7}.AppStore|iPhoneSimulator.ActiveCfg = Release|Any CPU
		{EE6A63E4-B111-4235-BBE5-B9038690CDF7}.AppStore|Mixed Platforms.ActiveCfg = Release|Any CPU
		{EE6A63E4-B111-4235-BBE5-B9038690CDF7}.AppStore|Mixed Platforms.Build.0 = Release|Any CPU
		{EE6A63E4-B111-4235-BBE5-B9038690CDF7}.AppStore|x86.ActiveCfg = Release|Any CPU
		{EE6A63E4-B111-4235-BBE5-B9038690CDF7}.Debug|Any CPU.ActiveCfg = Debug|Any CPU
		{EE6A63E4-B111-4235-BBE5-B9038690CDF7}.Debug|Any CPU.Build.0 = Debug|Any CPU
		{EE6A63E4-B111-4235-BBE5-B9038690CDF7}.Debug|ARM.ActiveCfg = Debug|Any CPU
		{EE6A63E4-B111-4235-BBE5-B9038690CDF7}.Debug|iPhone.ActiveCfg = Debug|Any CPU
		{EE6A63E4-B111-4235-BBE5-B9038690CDF7}.Debug|iPhoneSimulator.ActiveCfg = Debug|Any CPU
		{EE6A63E4-B111-4235-BBE5-B9038690CDF7}.Debug|Mixed Platforms.ActiveCfg = Debug|Any CPU
		{EE6A63E4-B111-4235-BBE5-B9038690CDF7}.Debug|Mixed Platforms.Build.0 = Debug|Any CPU
		{EE6A63E4-B111-4235-BBE5-B9038690CDF7}.Debug|x86.ActiveCfg = Debug|Any CPU
		{EE6A63E4-B111-4235-BBE5-B9038690CDF7}.Release|Any CPU.ActiveCfg = Release|Any CPU
		{EE6A63E4-B111-4235-BBE5-B9038690CDF7}.Release|Any CPU.Build.0 = Release|Any CPU
		{EE6A63E4-B111-4235-BBE5-B9038690CDF7}.Release|ARM.ActiveCfg = Release|Any CPU
		{EE6A63E4-B111-4235-BBE5-B9038690CDF7}.Release|iPhone.ActiveCfg = Release|Any CPU
		{EE6A63E4-B111-4235-BBE5-B9038690CDF7}.Release|iPhoneSimulator.ActiveCfg = Release|Any CPU
		{EE6A63E4-B111-4235-BBE5-B9038690CDF7}.Release|Mixed Platforms.ActiveCfg = Release|Any CPU
		{EE6A63E4-B111-4235-BBE5-B9038690CDF7}.Release|Mixed Platforms.Build.0 = Release|Any CPU
		{EE6A63E4-B111-4235-BBE5-B9038690CDF7}.Release|x86.ActiveCfg = Release|Any CPU
		{9A8E9E9D-E7BF-44D6-BADE-AF2E0F1949B5}.Ad-Hoc|Any CPU.ActiveCfg = Ad-Hoc|iPhone
		{9A8E9E9D-E7BF-44D6-BADE-AF2E0F1949B5}.Ad-Hoc|ARM.ActiveCfg = Ad-Hoc|iPhone
		{9A8E9E9D-E7BF-44D6-BADE-AF2E0F1949B5}.Ad-Hoc|iPhone.ActiveCfg = Ad-Hoc|iPhone
		{9A8E9E9D-E7BF-44D6-BADE-AF2E0F1949B5}.Ad-Hoc|iPhone.Build.0 = Ad-Hoc|iPhone
		{9A8E9E9D-E7BF-44D6-BADE-AF2E0F1949B5}.Ad-Hoc|iPhoneSimulator.ActiveCfg = Ad-Hoc|iPhoneSimulator
		{9A8E9E9D-E7BF-44D6-BADE-AF2E0F1949B5}.Ad-Hoc|iPhoneSimulator.Build.0 = Ad-Hoc|iPhoneSimulator
		{9A8E9E9D-E7BF-44D6-BADE-AF2E0F1949B5}.Ad-Hoc|Mixed Platforms.ActiveCfg = Ad-Hoc|iPhone
		{9A8E9E9D-E7BF-44D6-BADE-AF2E0F1949B5}.Ad-Hoc|Mixed Platforms.Build.0 = Ad-Hoc|iPhone
		{9A8E9E9D-E7BF-44D6-BADE-AF2E0F1949B5}.Ad-Hoc|x86.ActiveCfg = Ad-Hoc|iPhone
		{9A8E9E9D-E7BF-44D6-BADE-AF2E0F1949B5}.AppStore|Any CPU.ActiveCfg = AppStore|iPhone
		{9A8E9E9D-E7BF-44D6-BADE-AF2E0F1949B5}.AppStore|ARM.ActiveCfg = AppStore|iPhone
		{9A8E9E9D-E7BF-44D6-BADE-AF2E0F1949B5}.AppStore|iPhone.ActiveCfg = AppStore|iPhone
		{9A8E9E9D-E7BF-44D6-BADE-AF2E0F1949B5}.AppStore|iPhone.Build.0 = AppStore|iPhone
		{9A8E9E9D-E7BF-44D6-BADE-AF2E0F1949B5}.AppStore|iPhoneSimulator.ActiveCfg = AppStore|iPhoneSimulator
		{9A8E9E9D-E7BF-44D6-BADE-AF2E0F1949B5}.AppStore|iPhoneSimulator.Build.0 = AppStore|iPhoneSimulator
		{9A8E9E9D-E7BF-44D6-BADE-AF2E0F1949B5}.AppStore|Mixed Platforms.ActiveCfg = AppStore|iPhone
		{9A8E9E9D-E7BF-44D6-BADE-AF2E0F1949B5}.AppStore|Mixed Platforms.Build.0 = AppStore|iPhone
		{9A8E9E9D-E7BF-44D6-BADE-AF2E0F1949B5}.AppStore|x86.ActiveCfg = AppStore|iPhone
		{9A8E9E9D-E7BF-44D6-BADE-AF2E0F1949B5}.Debug|Any CPU.ActiveCfg = Debug|iPhone
		{9A8E9E9D-E7BF-44D6-BADE-AF2E0F1949B5}.Debug|ARM.ActiveCfg = Debug|iPhone
		{9A8E9E9D-E7BF-44D6-BADE-AF2E0F1949B5}.Debug|iPhone.ActiveCfg = Debug|iPhone
		{9A8E9E9D-E7BF-44D6-BADE-AF2E0F1949B5}.Debug|iPhone.Build.0 = Debug|iPhone
		{9A8E9E9D-E7BF-44D6-BADE-AF2E0F1949B5}.Debug|iPhoneSimulator.ActiveCfg = Debug|iPhoneSimulator
		{9A8E9E9D-E7BF-44D6-BADE-AF2E0F1949B5}.Debug|iPhoneSimulator.Build.0 = Debug|iPhoneSimulator
		{9A8E9E9D-E7BF-44D6-BADE-AF2E0F1949B5}.Debug|Mixed Platforms.ActiveCfg = Debug|iPhone
		{9A8E9E9D-E7BF-44D6-BADE-AF2E0F1949B5}.Debug|Mixed Platforms.Build.0 = Debug|iPhone
		{9A8E9E9D-E7BF-44D6-BADE-AF2E0F1949B5}.Debug|x86.ActiveCfg = Debug|iPhone
		{9A8E9E9D-E7BF-44D6-BADE-AF2E0F1949B5}.Release|Any CPU.ActiveCfg = Release|iPhone
		{9A8E9E9D-E7BF-44D6-BADE-AF2E0F1949B5}.Release|ARM.ActiveCfg = Release|iPhone
		{9A8E9E9D-E7BF-44D6-BADE-AF2E0F1949B5}.Release|iPhone.ActiveCfg = Release|iPhone
		{9A8E9E9D-E7BF-44D6-BADE-AF2E0F1949B5}.Release|iPhone.Build.0 = Release|iPhone
		{9A8E9E9D-E7BF-44D6-BADE-AF2E0F1949B5}.Release|iPhoneSimulator.ActiveCfg = Release|iPhoneSimulator
		{9A8E9E9D-E7BF-44D6-BADE-AF2E0F1949B5}.Release|iPhoneSimulator.Build.0 = Release|iPhoneSimulator
		{9A8E9E9D-E7BF-44D6-BADE-AF2E0F1949B5}.Release|Mixed Platforms.ActiveCfg = Release|iPhone
		{9A8E9E9D-E7BF-44D6-BADE-AF2E0F1949B5}.Release|Mixed Platforms.Build.0 = Release|iPhone
		{9A8E9E9D-E7BF-44D6-BADE-AF2E0F1949B5}.Release|x86.ActiveCfg = Release|iPhone
		{EE36A713-0E14-4D62-AD8D-AAE5B42A7BA6}.Ad-Hoc|Any CPU.ActiveCfg = Release|Any CPU
		{EE36A713-0E14-4D62-AD8D-AAE5B42A7BA6}.Ad-Hoc|Any CPU.Build.0 = Release|Any CPU
		{EE36A713-0E14-4D62-AD8D-AAE5B42A7BA6}.Ad-Hoc|Any CPU.Deploy.0 = Release|Any CPU
		{EE36A713-0E14-4D62-AD8D-AAE5B42A7BA6}.Ad-Hoc|ARM.ActiveCfg = Release|Any CPU
		{EE36A713-0E14-4D62-AD8D-AAE5B42A7BA6}.Ad-Hoc|iPhone.ActiveCfg = Release|Any CPU
		{EE36A713-0E14-4D62-AD8D-AAE5B42A7BA6}.Ad-Hoc|iPhoneSimulator.ActiveCfg = Release|Any CPU
		{EE36A713-0E14-4D62-AD8D-AAE5B42A7BA6}.Ad-Hoc|Mixed Platforms.ActiveCfg = Release|Any CPU
		{EE36A713-0E14-4D62-AD8D-AAE5B42A7BA6}.Ad-Hoc|Mixed Platforms.Build.0 = Release|Any CPU
		{EE36A713-0E14-4D62-AD8D-AAE5B42A7BA6}.Ad-Hoc|Mixed Platforms.Deploy.0 = Release|Any CPU
		{EE36A713-0E14-4D62-AD8D-AAE5B42A7BA6}.Ad-Hoc|x86.ActiveCfg = Release|Any CPU
		{EE36A713-0E14-4D62-AD8D-AAE5B42A7BA6}.AppStore|Any CPU.ActiveCfg = Release|Any CPU
		{EE36A713-0E14-4D62-AD8D-AAE5B42A7BA6}.AppStore|Any CPU.Build.0 = Release|Any CPU
		{EE36A713-0E14-4D62-AD8D-AAE5B42A7BA6}.AppStore|Any CPU.Deploy.0 = Release|Any CPU
		{EE36A713-0E14-4D62-AD8D-AAE5B42A7BA6}.AppStore|ARM.ActiveCfg = Release|Any CPU
		{EE36A713-0E14-4D62-AD8D-AAE5B42A7BA6}.AppStore|iPhone.ActiveCfg = Release|Any CPU
		{EE36A713-0E14-4D62-AD8D-AAE5B42A7BA6}.AppStore|iPhoneSimulator.ActiveCfg = Release|Any CPU
		{EE36A713-0E14-4D62-AD8D-AAE5B42A7BA6}.AppStore|Mixed Platforms.ActiveCfg = Release|Any CPU
		{EE36A713-0E14-4D62-AD8D-AAE5B42A7BA6}.AppStore|Mixed Platforms.Build.0 = Release|Any CPU
		{EE36A713-0E14-4D62-AD8D-AAE5B42A7BA6}.AppStore|Mixed Platforms.Deploy.0 = Release|Any CPU
		{EE36A713-0E14-4D62-AD8D-AAE5B42A7BA6}.AppStore|x86.ActiveCfg = Release|Any CPU
		{EE36A713-0E14-4D62-AD8D-AAE5B42A7BA6}.Debug|Any CPU.ActiveCfg = Debug|Any CPU
		{EE36A713-0E14-4D62-AD8D-AAE5B42A7BA6}.Debug|Any CPU.Build.0 = Debug|Any CPU
		{EE36A713-0E14-4D62-AD8D-AAE5B42A7BA6}.Debug|Any CPU.Deploy.0 = Debug|Any CPU
		{EE36A713-0E14-4D62-AD8D-AAE5B42A7BA6}.Debug|ARM.ActiveCfg = Debug|Any CPU
		{EE36A713-0E14-4D62-AD8D-AAE5B42A7BA6}.Debug|iPhone.ActiveCfg = Debug|Any CPU
		{EE36A713-0E14-4D62-AD8D-AAE5B42A7BA6}.Debug|iPhoneSimulator.ActiveCfg = Debug|Any CPU
		{EE36A713-0E14-4D62-AD8D-AAE5B42A7BA6}.Debug|Mixed Platforms.ActiveCfg = Debug|Any CPU
		{EE36A713-0E14-4D62-AD8D-AAE5B42A7BA6}.Debug|Mixed Platforms.Build.0 = Debug|Any CPU
		{EE36A713-0E14-4D62-AD8D-AAE5B42A7BA6}.Debug|Mixed Platforms.Deploy.0 = Debug|Any CPU
		{EE36A713-0E14-4D62-AD8D-AAE5B42A7BA6}.Debug|x86.ActiveCfg = Debug|Any CPU
		{EE36A713-0E14-4D62-AD8D-AAE5B42A7BA6}.Release|Any CPU.ActiveCfg = Release|Any CPU
		{EE36A713-0E14-4D62-AD8D-AAE5B42A7BA6}.Release|Any CPU.Build.0 = Release|Any CPU
		{EE36A713-0E14-4D62-AD8D-AAE5B42A7BA6}.Release|Any CPU.Deploy.0 = Release|Any CPU
		{EE36A713-0E14-4D62-AD8D-AAE5B42A7BA6}.Release|ARM.ActiveCfg = Release|Any CPU
		{EE36A713-0E14-4D62-AD8D-AAE5B42A7BA6}.Release|iPhone.ActiveCfg = Release|Any CPU
		{EE36A713-0E14-4D62-AD8D-AAE5B42A7BA6}.Release|iPhoneSimulator.ActiveCfg = Release|Any CPU
		{EE36A713-0E14-4D62-AD8D-AAE5B42A7BA6}.Release|Mixed Platforms.ActiveCfg = Release|Any CPU
		{EE36A713-0E14-4D62-AD8D-AAE5B42A7BA6}.Release|Mixed Platforms.Build.0 = Release|Any CPU
		{EE36A713-0E14-4D62-AD8D-AAE5B42A7BA6}.Release|Mixed Platforms.Deploy.0 = Release|Any CPU
		{EE36A713-0E14-4D62-AD8D-AAE5B42A7BA6}.Release|x86.ActiveCfg = Release|Any CPU
		{FD8F559C-6753-4BEF-83F0-2B03F857E635}.Ad-Hoc|Any CPU.ActiveCfg = Release|Any CPU
		{FD8F559C-6753-4BEF-83F0-2B03F857E635}.Ad-Hoc|Any CPU.Build.0 = Release|Any CPU
		{FD8F559C-6753-4BEF-83F0-2B03F857E635}.Ad-Hoc|Any CPU.Deploy.0 = Release|Any CPU
		{FD8F559C-6753-4BEF-83F0-2B03F857E635}.Ad-Hoc|ARM.ActiveCfg = Release|ARM
		{FD8F559C-6753-4BEF-83F0-2B03F857E635}.Ad-Hoc|ARM.Build.0 = Release|ARM
		{FD8F559C-6753-4BEF-83F0-2B03F857E635}.Ad-Hoc|ARM.Deploy.0 = Release|ARM
		{FD8F559C-6753-4BEF-83F0-2B03F857E635}.Ad-Hoc|iPhone.ActiveCfg = Release|Any CPU
		{FD8F559C-6753-4BEF-83F0-2B03F857E635}.Ad-Hoc|iPhoneSimulator.ActiveCfg = Release|Any CPU
		{FD8F559C-6753-4BEF-83F0-2B03F857E635}.Ad-Hoc|Mixed Platforms.ActiveCfg = Release|x86
		{FD8F559C-6753-4BEF-83F0-2B03F857E635}.Ad-Hoc|Mixed Platforms.Build.0 = Release|x86
		{FD8F559C-6753-4BEF-83F0-2B03F857E635}.Ad-Hoc|Mixed Platforms.Deploy.0 = Release|x86
		{FD8F559C-6753-4BEF-83F0-2B03F857E635}.Ad-Hoc|x86.ActiveCfg = Release|x86
		{FD8F559C-6753-4BEF-83F0-2B03F857E635}.Ad-Hoc|x86.Build.0 = Release|x86
		{FD8F559C-6753-4BEF-83F0-2B03F857E635}.Ad-Hoc|x86.Deploy.0 = Release|x86
		{FD8F559C-6753-4BEF-83F0-2B03F857E635}.AppStore|Any CPU.ActiveCfg = Release|Any CPU
		{FD8F559C-6753-4BEF-83F0-2B03F857E635}.AppStore|Any CPU.Build.0 = Release|Any CPU
		{FD8F559C-6753-4BEF-83F0-2B03F857E635}.AppStore|Any CPU.Deploy.0 = Release|Any CPU
		{FD8F559C-6753-4BEF-83F0-2B03F857E635}.AppStore|ARM.ActiveCfg = Release|ARM
		{FD8F559C-6753-4BEF-83F0-2B03F857E635}.AppStore|ARM.Build.0 = Release|ARM
		{FD8F559C-6753-4BEF-83F0-2B03F857E635}.AppStore|ARM.Deploy.0 = Release|ARM
		{FD8F559C-6753-4BEF-83F0-2B03F857E635}.AppStore|iPhone.ActiveCfg = Release|Any CPU
		{FD8F559C-6753-4BEF-83F0-2B03F857E635}.AppStore|iPhoneSimulator.ActiveCfg = Release|Any CPU
		{FD8F559C-6753-4BEF-83F0-2B03F857E635}.AppStore|Mixed Platforms.ActiveCfg = Release|x86
		{FD8F559C-6753-4BEF-83F0-2B03F857E635}.AppStore|Mixed Platforms.Build.0 = Release|x86
		{FD8F559C-6753-4BEF-83F0-2B03F857E635}.AppStore|Mixed Platforms.Deploy.0 = Release|x86
		{FD8F559C-6753-4BEF-83F0-2B03F857E635}.AppStore|x86.ActiveCfg = Release|x86
		{FD8F559C-6753-4BEF-83F0-2B03F857E635}.AppStore|x86.Build.0 = Release|x86
		{FD8F559C-6753-4BEF-83F0-2B03F857E635}.AppStore|x86.Deploy.0 = Release|x86
		{FD8F559C-6753-4BEF-83F0-2B03F857E635}.Debug|Any CPU.ActiveCfg = Debug|Any CPU
		{FD8F559C-6753-4BEF-83F0-2B03F857E635}.Debug|Any CPU.Build.0 = Debug|Any CPU
		{FD8F559C-6753-4BEF-83F0-2B03F857E635}.Debug|Any CPU.Deploy.0 = Debug|Any CPU
		{FD8F559C-6753-4BEF-83F0-2B03F857E635}.Debug|ARM.ActiveCfg = Debug|ARM
		{FD8F559C-6753-4BEF-83F0-2B03F857E635}.Debug|ARM.Build.0 = Debug|ARM
		{FD8F559C-6753-4BEF-83F0-2B03F857E635}.Debug|ARM.Deploy.0 = Debug|ARM
		{FD8F559C-6753-4BEF-83F0-2B03F857E635}.Debug|iPhone.ActiveCfg = Debug|Any CPU
		{FD8F559C-6753-4BEF-83F0-2B03F857E635}.Debug|iPhoneSimulator.ActiveCfg = Debug|Any CPU
		{FD8F559C-6753-4BEF-83F0-2B03F857E635}.Debug|Mixed Platforms.ActiveCfg = Debug|x86
		{FD8F559C-6753-4BEF-83F0-2B03F857E635}.Debug|Mixed Platforms.Build.0 = Debug|x86
		{FD8F559C-6753-4BEF-83F0-2B03F857E635}.Debug|Mixed Platforms.Deploy.0 = Debug|x86
		{FD8F559C-6753-4BEF-83F0-2B03F857E635}.Debug|x86.ActiveCfg = Debug|x86
		{FD8F559C-6753-4BEF-83F0-2B03F857E635}.Debug|x86.Build.0 = Debug|x86
		{FD8F559C-6753-4BEF-83F0-2B03F857E635}.Debug|x86.Deploy.0 = Debug|x86
		{FD8F559C-6753-4BEF-83F0-2B03F857E635}.Release|Any CPU.ActiveCfg = Release|Any CPU
		{FD8F559C-6753-4BEF-83F0-2B03F857E635}.Release|Any CPU.Build.0 = Release|Any CPU
		{FD8F559C-6753-4BEF-83F0-2B03F857E635}.Release|Any CPU.Deploy.0 = Release|Any CPU
		{FD8F559C-6753-4BEF-83F0-2B03F857E635}.Release|ARM.ActiveCfg = Release|ARM
		{FD8F559C-6753-4BEF-83F0-2B03F857E635}.Release|ARM.Build.0 = Release|ARM
		{FD8F559C-6753-4BEF-83F0-2B03F857E635}.Release|ARM.Deploy.0 = Release|ARM
		{FD8F559C-6753-4BEF-83F0-2B03F857E635}.Release|iPhone.ActiveCfg = Release|Any CPU
		{FD8F559C-6753-4BEF-83F0-2B03F857E635}.Release|iPhoneSimulator.ActiveCfg = Release|Any CPU
		{FD8F559C-6753-4BEF-83F0-2B03F857E635}.Release|Mixed Platforms.ActiveCfg = Release|x86
		{FD8F559C-6753-4BEF-83F0-2B03F857E635}.Release|Mixed Platforms.Build.0 = Release|x86
		{FD8F559C-6753-4BEF-83F0-2B03F857E635}.Release|Mixed Platforms.Deploy.0 = Release|x86
		{FD8F559C-6753-4BEF-83F0-2B03F857E635}.Release|x86.ActiveCfg = Release|x86
		{FD8F559C-6753-4BEF-83F0-2B03F857E635}.Release|x86.Build.0 = Release|x86
		{FD8F559C-6753-4BEF-83F0-2B03F857E635}.Release|x86.Deploy.0 = Release|x86
	EndGlobalSection
	GlobalSection(SolutionProperties) = preSolution
		HideSolutionNode = FALSE
	EndGlobalSection
EndGlobal
