
Microsoft Visual Studio Solution File, Format Version 12.00
# Visual Studio 2013
VisualStudioVersion = 12.0.31101.0
MinimumVisualStudioVersion = 10.0.40219.1
Project("{FAE04EC0-301F-11D3-BF4B-00C04F79EFBC}") = "ConsoleSignalRServer", "ConsoleSignalRServer\ConsoleSignalRServer.csproj", "{666E33F1-7314-4FAB-BAF6-6BE0CE4A32C7}"
EndProject
Project("{FAE04EC0-301F-11D3-BF4B-00C04F79EFBC}") = "SignalRClient", "SignalRClient\SignalRClient.csproj", "{32268A7F-81C2-489E-9871-6BCDEBE5DE6C}"
EndProject
Global
	GlobalSection(SolutionConfigurationPlatforms) = preSolution
		Debug|Any CPU = Debug|Any CPU
		Release|Any CPU = Release|Any CPU
	EndGlobalSection
	GlobalSection(ProjectConfigurationPlatforms) = postSolution
		{666E33F1-7314-4FAB-BAF6-6BE0CE4A32C7}.Debug|Any CPU.ActiveCfg = Debug|Any CPU
		{666E33F1-7314-4FAB-BAF6-6BE0CE4A32C7}.Debug|Any CPU.Build.0 = Debug|Any CPU
		{666E33F1-7314-4FAB-BAF6-6BE0CE4A32C7}.Release|Any CPU.ActiveCfg = Release|Any CPU
		{666E33F1-7314-4FAB-BAF6-6BE0CE4A32C7}.Release|Any CPU.Build.0 = Release|Any CPU
		{32268A7F-81C2-489E-9871-6BCDEBE5DE6C}.Debug|Any CPU.ActiveCfg = Debug|Any CPU
		{32268A7F-81C2-489E-9871-6BCDEBE5DE6C}.Debug|Any CPU.Build.0 = Debug|Any CPU
		{32268A7F-81C2-489E-9871-6BCDEBE5DE6C}.Release|Any CPU.ActiveCfg = Release|Any CPU
		{32268A7F-81C2-489E-9871-6BCDEBE5DE6C}.Release|Any CPU.Build.0 = Release|Any CPU
	EndGlobalSection
	GlobalSection(SolutionProperties) = preSolution
		HideSolutionNode = FALSE
	EndGlobalSection
EndGlobal
