
Microsoft Visual Studio Solution File, Format Version 12.00
# Visual Studio 2013
VisualStudioVersion = 12.0.31101.0
MinimumVisualStudioVersion = 10.0.40219.1
Project("{FAE04EC0-301F-11D3-BF4B-00C04F79EFBC}") = "DIRC", "DIRC.csproj", "{87547C72-E841-4DA0-950B-92566F1A26C1}"
EndProject
Project("{FAE04EC0-301F-11D3-BF4B-00C04F79EFBC}") = "DIRC.iOS", "iOS\DIRC.iOS.csproj", "{56782836-8EFE-40D3-847E-C95B678EB35E}"
EndProject
Project("{FAE04EC0-301F-11D3-BF4B-00C04F79EFBC}") = "DIRC.Droid", "Droid\DIRC.Droid.csproj", "{3896CC26-74E2-43F9-AA18-6A2A44882C63}"
EndProject
Project("{FAE04EC0-301F-11D3-BF4B-00C04F79EFBC}") = "DIRC.WindowsPhone", "PhoneApp1\DIRC.WindowsPhone.csproj", "{F3E71BA8-ED25-4628-A9B2-07A74B87A53F}"
EndProject
Global
	GlobalSection(SolutionConfigurationPlatforms) = preSolution
		Ad-Hoc|Any CPU = Ad-Hoc|Any CPU
		Ad-Hoc|ARM = Ad-Hoc|ARM
		Ad-Hoc|iPhone = Ad-Hoc|iPhone
		Ad-Hoc|iPhoneSimulator = Ad-Hoc|iPhoneSimulator
		Ad-Hoc|Mixed Platforms = Ad-Hoc|Mixed Platforms
		Ad-Hoc|x86 = Ad-Hoc|x86
		AppStore|Any CPU = AppStore|Any CPU
		AppStore|ARM = AppStore|ARM
		AppStore|iPhone = AppStore|iPhone
		AppStore|iPhoneSimulator = AppStore|iPhoneSimulator
		AppStore|Mixed Platforms = AppStore|Mixed Platforms
		AppStore|x86 = AppStore|x86
		Debug|Any CPU = Debug|Any CPU
		Debug|ARM = Debug|ARM
		Debug|iPhone = Debug|iPhone
		Debug|iPhoneSimulator = Debug|iPhoneSimulator
		Debug|Mixed Platforms = Debug|Mixed Platforms
		Debug|x86 = Debug|x86
		Release|Any CPU = Release|Any CPU
		Release|ARM = Release|ARM
		Release|iPhone = Release|iPhone
		Release|iPhoneSimulator = Release|iPhoneSimulator
		Release|Mixed Platforms = Release|Mixed Platforms
		Release|x86 = Release|x86
	EndGlobalSection
	GlobalSection(ProjectConfigurationPlatforms) = postSolution
		{87547C72-E841-4DA0-950B-92566F1A26C1}.Ad-Hoc|Any CPU.ActiveCfg = Release|Any CPU
		{87547C72-E841-4DA0-950B-92566F1A26C1}.Ad-Hoc|Any CPU.Build.0 = Release|Any CPU
		{87547C72-E841-4DA0-950B-92566F1A26C1}.Ad-Hoc|ARM.ActiveCfg = Release|Any CPU
		{87547C72-E841-4DA0-950B-92566F1A26C1}.Ad-Hoc|iPhone.ActiveCfg = Debug|Any CPU
		{87547C72-E841-4DA0-950B-92566F1A26C1}.Ad-Hoc|iPhone.Build.0 = Debug|Any CPU
		{87547C72-E841-4DA0-950B-92566F1A26C1}.Ad-Hoc|iPhoneSimulator.ActiveCfg = Release|Any CPU
		{87547C72-E841-4DA0-950B-92566F1A26C1}.Ad-Hoc|Mixed Platforms.ActiveCfg = Release|Any CPU
		{87547C72-E841-4DA0-950B-92566F1A26C1}.Ad-Hoc|Mixed Platforms.Build.0 = Release|Any CPU
		{87547C72-E841-4DA0-950B-92566F1A26C1}.Ad-Hoc|x86.ActiveCfg = Release|Any CPU
		{87547C72-E841-4DA0-950B-92566F1A26C1}.AppStore|Any CPU.ActiveCfg = Release|Any CPU
		{87547C72-E841-4DA0-950B-92566F1A26C1}.AppStore|Any CPU.Build.0 = Release|Any CPU
		{87547C72-E841-4DA0-950B-92566F1A26C1}.AppStore|ARM.ActiveCfg = Release|Any CPU
		{87547C72-E841-4DA0-950B-92566F1A26C1}.AppStore|iPhone.ActiveCfg = Debug|Any CPU
		{87547C72-E841-4DA0-950B-92566F1A26C1}.AppStore|iPhone.Build.0 = Debug|Any CPU
		{87547C72-E841-4DA0-950B-92566F1A26C1}.AppStore|iPhoneSimulator.ActiveCfg = Release|Any CPU
		{87547C72-E841-4DA0-950B-92566F1A26C1}.AppStore|Mixed Platforms.ActiveCfg = Release|Any CPU
		{87547C72-E841-4DA0-950B-92566F1A26C1}.AppStore|Mixed Platforms.Build.0 = Release|Any CPU
		{87547C72-E841-4DA0-950B-92566F1A26C1}.AppStore|x86.ActiveCfg = Release|Any CPU
		{87547C72-E841-4DA0-950B-92566F1A26C1}.Debug|Any CPU.ActiveCfg = Debug|Any CPU
		{87547C72-E841-4DA0-950B-92566F1A26C1}.Debug|Any CPU.Build.0 = Debug|Any CPU
		{87547C72-E841-4DA0-950B-92566F1A26C1}.Debug|ARM.ActiveCfg = Debug|Any CPU
		{87547C72-E841-4DA0-950B-92566F1A26C1}.Debug|ARM.Build.0 = Debug|Any CPU
		{87547C72-E841-4DA0-950B-92566F1A26C1}.Debug|iPhone.ActiveCfg = Debug|Any CPU
		{87547C72-E841-4DA0-950B-92566F1A26C1}.Debug|iPhone.Build.0 = Debug|Any CPU
		{87547C72-E841-4DA0-950B-92566F1A26C1}.Debug|iPhoneSimulator.ActiveCfg = Debug|Any CPU
		{87547C72-E841-4DA0-950B-92566F1A26C1}.Debug|iPhoneSimulator.Build.0 = Debug|Any CPU
		{87547C72-E841-4DA0-950B-92566F1A26C1}.Debug|Mixed Platforms.ActiveCfg = Debug|Any CPU
		{87547C72-E841-4DA0-950B-92566F1A26C1}.Debug|Mixed Platforms.Build.0 = Debug|Any CPU
		{87547C72-E841-4DA0-950B-92566F1A26C1}.Debug|x86.ActiveCfg = Debug|Any CPU
		{87547C72-E841-4DA0-950B-92566F1A26C1}.Release|Any CPU.ActiveCfg = Release|Any CPU
		{87547C72-E841-4DA0-950B-92566F1A26C1}.Release|Any CPU.Build.0 = Release|Any CPU
		{87547C72-E841-4DA0-950B-92566F1A26C1}.Release|ARM.ActiveCfg = Release|Any CPU
		{87547C72-E841-4DA0-950B-92566F1A26C1}.Release|ARM.Build.0 = Release|Any CPU
		{87547C72-E841-4DA0-950B-92566F1A26C1}.Release|iPhone.ActiveCfg = Release|Any CPU
		{87547C72-E841-4DA0-950B-92566F1A26C1}.Release|iPhone.Build.0 = Release|Any CPU
		{87547C72-E841-4DA0-950B-92566F1A26C1}.Release|iPhoneSimulator.ActiveCfg = Release|Any CPU
		{87547C72-E841-4DA0-950B-92566F1A26C1}.Release|iPhoneSimulator.Build.0 = Release|Any CPU
		{87547C72-E841-4DA0-950B-92566F1A26C1}.Release|Mixed Platforms.ActiveCfg = Release|Any CPU
		{87547C72-E841-4DA0-950B-92566F1A26C1}.Release|Mixed Platforms.Build.0 = Release|Any CPU
		{87547C72-E841-4DA0-950B-92566F1A26C1}.Release|x86.ActiveCfg = Release|Any CPU
		{56782836-8EFE-40D3-847E-C95B678EB35E}.Ad-Hoc|Any CPU.ActiveCfg = Ad-Hoc|iPhone
		{56782836-8EFE-40D3-847E-C95B678EB35E}.Ad-Hoc|ARM.ActiveCfg = Ad-Hoc|iPhoneSimulator
		{56782836-8EFE-40D3-847E-C95B678EB35E}.Ad-Hoc|iPhone.ActiveCfg = Ad-Hoc|iPhone
		{56782836-8EFE-40D3-847E-C95B678EB35E}.Ad-Hoc|iPhone.Build.0 = Ad-Hoc|iPhone
		{56782836-8EFE-40D3-847E-C95B678EB35E}.Ad-Hoc|iPhoneSimulator.ActiveCfg = Ad-Hoc|iPhone
		{56782836-8EFE-40D3-847E-C95B678EB35E}.Ad-Hoc|iPhoneSimulator.Build.0 = Ad-Hoc|iPhone
		{56782836-8EFE-40D3-847E-C95B678EB35E}.Ad-Hoc|Mixed Platforms.ActiveCfg = Ad-Hoc|iPhoneSimulator
		{56782836-8EFE-40D3-847E-C95B678EB35E}.Ad-Hoc|Mixed Platforms.Build.0 = Ad-Hoc|iPhoneSimulator
		{56782836-8EFE-40D3-847E-C95B678EB35E}.Ad-Hoc|x86.ActiveCfg = Ad-Hoc|iPhoneSimulator
		{56782836-8EFE-40D3-847E-C95B678EB35E}.AppStore|Any CPU.ActiveCfg = AppStore|iPhone
		{56782836-8EFE-40D3-847E-C95B678EB35E}.AppStore|ARM.ActiveCfg = AppStore|iPhoneSimulator
		{56782836-8EFE-40D3-847E-C95B678EB35E}.AppStore|iPhone.ActiveCfg = AppStore|iPhone
		{56782836-8EFE-40D3-847E-C95B678EB35E}.AppStore|iPhone.Build.0 = AppStore|iPhone
		{56782836-8EFE-40D3-847E-C95B678EB35E}.AppStore|iPhoneSimulator.ActiveCfg = AppStore|iPhone
		{56782836-8EFE-40D3-847E-C95B678EB35E}.AppStore|iPhoneSimulator.Build.0 = AppStore|iPhone
		{56782836-8EFE-40D3-847E-C95B678EB35E}.AppStore|Mixed Platforms.ActiveCfg = AppStore|iPhoneSimulator
		{56782836-8EFE-40D3-847E-C95B678EB35E}.AppStore|Mixed Platforms.Build.0 = AppStore|iPhoneSimulator
		{56782836-8EFE-40D3-847E-C95B678EB35E}.AppStore|x86.ActiveCfg = AppStore|iPhoneSimulator
		{56782836-8EFE-40D3-847E-C95B678EB35E}.Debug|Any CPU.ActiveCfg = Debug|iPhoneSimulator
		{56782836-8EFE-40D3-847E-C95B678EB35E}.Debug|Any CPU.Build.0 = Debug|iPhoneSimulator
		{56782836-8EFE-40D3-847E-C95B678EB35E}.Debug|ARM.ActiveCfg = Debug|iPhone
		{56782836-8EFE-40D3-847E-C95B678EB35E}.Debug|iPhone.ActiveCfg = Debug|iPhone
		{56782836-8EFE-40D3-847E-C95B678EB35E}.Debug|iPhone.Build.0 = Debug|iPhone
		{56782836-8EFE-40D3-847E-C95B678EB35E}.Debug|iPhoneSimulator.ActiveCfg = Debug|iPhoneSimulator
		{56782836-8EFE-40D3-847E-C95B678EB35E}.Debug|iPhoneSimulator.Build.0 = Debug|iPhoneSimulator
		{56782836-8EFE-40D3-847E-C95B678EB35E}.Debug|Mixed Platforms.ActiveCfg = Debug|iPhone
		{56782836-8EFE-40D3-847E-C95B678EB35E}.Debug|Mixed Platforms.Build.0 = Debug|iPhone
		{56782836-8EFE-40D3-847E-C95B678EB35E}.Debug|x86.ActiveCfg = Debug|iPhone
		{56782836-8EFE-40D3-847E-C95B678EB35E}.Release|Any CPU.ActiveCfg = Release|iPhoneSimulator
		{56782836-8EFE-40D3-847E-C95B678EB35E}.Release|Any CPU.Build.0 = Release|iPhoneSimulator
		{56782836-8EFE-40D3-847E-C95B678EB35E}.Release|ARM.ActiveCfg = Release|iPhone
		{56782836-8EFE-40D3-847E-C95B678EB35E}.Release|iPhone.ActiveCfg = Release|iPhone
		{56782836-8EFE-40D3-847E-C95B678EB35E}.Release|iPhone.Build.0 = Release|iPhone
		{56782836-8EFE-40D3-847E-C95B678EB35E}.Release|iPhoneSimulator.ActiveCfg = Release|iPhoneSimulator
		{56782836-8EFE-40D3-847E-C95B678EB35E}.Release|iPhoneSimulator.Build.0 = Release|iPhoneSimulator
		{56782836-8EFE-40D3-847E-C95B678EB35E}.Release|Mixed Platforms.ActiveCfg = Release|iPhone
		{56782836-8EFE-40D3-847E-C95B678EB35E}.Release|Mixed Platforms.Build.0 = Release|iPhone
		{56782836-8EFE-40D3-847E-C95B678EB35E}.Release|x86.ActiveCfg = Release|iPhone
		{3896CC26-74E2-43F9-AA18-6A2A44882C63}.Ad-Hoc|Any CPU.ActiveCfg = Release|Any CPU
		{3896CC26-74E2-43F9-AA18-6A2A44882C63}.Ad-Hoc|Any CPU.Build.0 = Release|Any CPU
		{3896CC26-74E2-43F9-AA18-6A2A44882C63}.Ad-Hoc|Any CPU.Deploy.0 = Release|Any CPU
		{3896CC26-74E2-43F9-AA18-6A2A44882C63}.Ad-Hoc|ARM.ActiveCfg = Release|Any CPU
		{3896CC26-74E2-43F9-AA18-6A2A44882C63}.Ad-Hoc|iPhone.ActiveCfg = Release|Any CPU
		{3896CC26-74E2-43F9-AA18-6A2A44882C63}.Ad-Hoc|iPhoneSimulator.ActiveCfg = Release|Any CPU
		{3896CC26-74E2-43F9-AA18-6A2A44882C63}.Ad-Hoc|Mixed Platforms.ActiveCfg = Release|Any CPU
		{3896CC26-74E2-43F9-AA18-6A2A44882C63}.Ad-Hoc|Mixed Platforms.Build.0 = Release|Any CPU
		{3896CC26-74E2-43F9-AA18-6A2A44882C63}.Ad-Hoc|Mixed Platforms.Deploy.0 = Release|Any CPU
		{3896CC26-74E2-43F9-AA18-6A2A44882C63}.Ad-Hoc|x86.ActiveCfg = Release|Any CPU
		{3896CC26-74E2-43F9-AA18-6A2A44882C63}.AppStore|Any CPU.ActiveCfg = Release|Any CPU
		{3896CC26-74E2-43F9-AA18-6A2A44882C63}.AppStore|Any CPU.Build.0 = Release|Any CPU
		{3896CC26-74E2-43F9-AA18-6A2A44882C63}.AppStore|Any CPU.Deploy.0 = Release|Any CPU
		{3896CC26-74E2-43F9-AA18-6A2A44882C63}.AppStore|ARM.ActiveCfg = Release|Any CPU
		{3896CC26-74E2-43F9-AA18-6A2A44882C63}.AppStore|iPhone.ActiveCfg = Release|Any CPU
		{3896CC26-74E2-43F9-AA18-6A2A44882C63}.AppStore|iPhoneSimulator.ActiveCfg = Release|Any CPU
		{3896CC26-74E2-43F9-AA18-6A2A44882C63}.AppStore|Mixed Platforms.ActiveCfg = Release|Any CPU
		{3896CC26-74E2-43F9-AA18-6A2A44882C63}.AppStore|Mixed Platforms.Build.0 = Release|Any CPU
		{3896CC26-74E2-43F9-AA18-6A2A44882C63}.AppStore|Mixed Platforms.Deploy.0 = Release|Any CPU
		{3896CC26-74E2-43F9-AA18-6A2A44882C63}.AppStore|x86.ActiveCfg = Release|Any CPU
		{3896CC26-74E2-43F9-AA18-6A2A44882C63}.Debug|Any CPU.ActiveCfg = Debug|Any CPU
		{3896CC26-74E2-43F9-AA18-6A2A44882C63}.Debug|Any CPU.Build.0 = Debug|Any CPU
		{3896CC26-74E2-43F9-AA18-6A2A44882C63}.Debug|Any CPU.Deploy.0 = Debug|Any CPU
		{3896CC26-74E2-43F9-AA18-6A2A44882C63}.Debug|ARM.ActiveCfg = Debug|Any CPU
		{3896CC26-74E2-43F9-AA18-6A2A44882C63}.Debug|iPhone.ActiveCfg = Debug|Any CPU
		{3896CC26-74E2-43F9-AA18-6A2A44882C63}.Debug|iPhoneSimulator.ActiveCfg = Debug|Any CPU
		{3896CC26-74E2-43F9-AA18-6A2A44882C63}.Debug|Mixed Platforms.ActiveCfg = Debug|Any CPU
		{3896CC26-74E2-43F9-AA18-6A2A44882C63}.Debug|Mixed Platforms.Build.0 = Debug|Any CPU
		{3896CC26-74E2-43F9-AA18-6A2A44882C63}.Debug|Mixed Platforms.Deploy.0 = Debug|Any CPU
		{3896CC26-74E2-43F9-AA18-6A2A44882C63}.Debug|x86.ActiveCfg = Debug|Any CPU
		{3896CC26-74E2-43F9-AA18-6A2A44882C63}.Release|Any CPU.ActiveCfg = Release|Any CPU
		{3896CC26-74E2-43F9-AA18-6A2A44882C63}.Release|Any CPU.Build.0 = Release|Any CPU
		{3896CC26-74E2-43F9-AA18-6A2A44882C63}.Release|Any CPU.Deploy.0 = Release|Any CPU
		{3896CC26-74E2-43F9-AA18-6A2A44882C63}.Release|ARM.ActiveCfg = Release|Any CPU
		{3896CC26-74E2-43F9-AA18-6A2A44882C63}.Release|iPhone.ActiveCfg = Release|Any CPU
		{3896CC26-74E2-43F9-AA18-6A2A44882C63}.Release|iPhoneSimulator.ActiveCfg = Release|Any CPU
		{3896CC26-74E2-43F9-AA18-6A2A44882C63}.Release|Mixed Platforms.ActiveCfg = Release|Any CPU
		{3896CC26-74E2-43F9-AA18-6A2A44882C63}.Release|Mixed Platforms.Build.0 = Release|Any CPU
		{3896CC26-74E2-43F9-AA18-6A2A44882C63}.Release|Mixed Platforms.Deploy.0 = Release|Any CPU
		{3896CC26-74E2-43F9-AA18-6A2A44882C63}.Release|x86.ActiveCfg = Release|Any CPU
		{F3E71BA8-ED25-4628-A9B2-07A74B87A53F}.Ad-Hoc|Any CPU.ActiveCfg = Release|Any CPU
		{F3E71BA8-ED25-4628-A9B2-07A74B87A53F}.Ad-Hoc|Any CPU.Build.0 = Release|Any CPU
		{F3E71BA8-ED25-4628-A9B2-07A74B87A53F}.Ad-Hoc|Any CPU.Deploy.0 = Release|Any CPU
		{F3E71BA8-ED25-4628-A9B2-07A74B87A53F}.Ad-Hoc|ARM.ActiveCfg = Release|ARM
		{F3E71BA8-ED25-4628-A9B2-07A74B87A53F}.Ad-Hoc|ARM.Build.0 = Release|ARM
		{F3E71BA8-ED25-4628-A9B2-07A74B87A53F}.Ad-Hoc|ARM.Deploy.0 = Release|ARM
		{F3E71BA8-ED25-4628-A9B2-07A74B87A53F}.Ad-Hoc|iPhone.ActiveCfg = Release|Any CPU
		{F3E71BA8-ED25-4628-A9B2-07A74B87A53F}.Ad-Hoc|iPhoneSimulator.ActiveCfg = Release|Any CPU
		{F3E71BA8-ED25-4628-A9B2-07A74B87A53F}.Ad-Hoc|Mixed Platforms.ActiveCfg = Release|x86
		{F3E71BA8-ED25-4628-A9B2-07A74B87A53F}.Ad-Hoc|Mixed Platforms.Build.0 = Release|x86
		{F3E71BA8-ED25-4628-A9B2-07A74B87A53F}.Ad-Hoc|Mixed Platforms.Deploy.0 = Release|x86
		{F3E71BA8-ED25-4628-A9B2-07A74B87A53F}.Ad-Hoc|x86.ActiveCfg = Release|x86
		{F3E71BA8-ED25-4628-A9B2-07A74B87A53F}.Ad-Hoc|x86.Build.0 = Release|x86
		{F3E71BA8-ED25-4628-A9B2-07A74B87A53F}.Ad-Hoc|x86.Deploy.0 = Release|x86
		{F3E71BA8-ED25-4628-A9B2-07A74B87A53F}.AppStore|Any CPU.ActiveCfg = Release|Any CPU
		{F3E71BA8-ED25-4628-A9B2-07A74B87A53F}.AppStore|Any CPU.Build.0 = Release|Any CPU
		{F3E71BA8-ED25-4628-A9B2-07A74B87A53F}.AppStore|Any CPU.Deploy.0 = Release|Any CPU
		{F3E71BA8-ED25-4628-A9B2-07A74B87A53F}.AppStore|ARM.ActiveCfg = Release|ARM
		{F3E71BA8-ED25-4628-A9B2-07A74B87A53F}.AppStore|ARM.Build.0 = Release|ARM
		{F3E71BA8-ED25-4628-A9B2-07A74B87A53F}.AppStore|ARM.Deploy.0 = Release|ARM
		{F3E71BA8-ED25-4628-A9B2-07A74B87A53F}.AppStore|iPhone.ActiveCfg = Release|Any CPU
		{F3E71BA8-ED25-4628-A9B2-07A74B87A53F}.AppStore|iPhoneSimulator.ActiveCfg = Release|Any CPU
		{F3E71BA8-ED25-4628-A9B2-07A74B87A53F}.AppStore|Mixed Platforms.ActiveCfg = Release|x86
		{F3E71BA8-ED25-4628-A9B2-07A74B87A53F}.AppStore|Mixed Platforms.Build.0 = Release|x86
		{F3E71BA8-ED25-4628-A9B2-07A74B87A53F}.AppStore|Mixed Platforms.Deploy.0 = Release|x86
		{F3E71BA8-ED25-4628-A9B2-07A74B87A53F}.AppStore|x86.ActiveCfg = Release|x86
		{F3E71BA8-ED25-4628-A9B2-07A74B87A53F}.AppStore|x86.Build.0 = Release|x86
		{F3E71BA8-ED25-4628-A9B2-07A74B87A53F}.AppStore|x86.Deploy.0 = Release|x86
		{F3E71BA8-ED25-4628-A9B2-07A74B87A53F}.Debug|Any CPU.ActiveCfg = Debug|Any CPU
		{F3E71BA8-ED25-4628-A9B2-07A74B87A53F}.Debug|Any CPU.Build.0 = Debug|Any CPU
		{F3E71BA8-ED25-4628-A9B2-07A74B87A53F}.Debug|Any CPU.Deploy.0 = Debug|Any CPU
		{F3E71BA8-ED25-4628-A9B2-07A74B87A53F}.Debug|ARM.ActiveCfg = Debug|Any CPU
		{F3E71BA8-ED25-4628-A9B2-07A74B87A53F}.Debug|ARM.Build.0 = Debug|Any CPU
		{F3E71BA8-ED25-4628-A9B2-07A74B87A53F}.Debug|ARM.Deploy.0 = Debug|Any CPU
		{F3E71BA8-ED25-4628-A9B2-07A74B87A53F}.Debug|iPhone.ActiveCfg = Debug|Any CPU
		{F3E71BA8-ED25-4628-A9B2-07A74B87A53F}.Debug|iPhone.Build.0 = Debug|Any CPU
		{F3E71BA8-ED25-4628-A9B2-07A74B87A53F}.Debug|iPhoneSimulator.ActiveCfg = Debug|Any CPU
		{F3E71BA8-ED25-4628-A9B2-07A74B87A53F}.Debug|Mixed Platforms.ActiveCfg = Debug|x86
		{F3E71BA8-ED25-4628-A9B2-07A74B87A53F}.Debug|Mixed Platforms.Build.0 = Debug|x86
		{F3E71BA8-ED25-4628-A9B2-07A74B87A53F}.Debug|Mixed Platforms.Deploy.0 = Debug|x86
		{F3E71BA8-ED25-4628-A9B2-07A74B87A53F}.Debug|x86.ActiveCfg = Debug|x86
		{F3E71BA8-ED25-4628-A9B2-07A74B87A53F}.Debug|x86.Build.0 = Debug|x86
		{F3E71BA8-ED25-4628-A9B2-07A74B87A53F}.Debug|x86.Deploy.0 = Debug|x86
		{F3E71BA8-ED25-4628-A9B2-07A74B87A53F}.Release|Any CPU.ActiveCfg = Release|Any CPU
		{F3E71BA8-ED25-4628-A9B2-07A74B87A53F}.Release|Any CPU.Build.0 = Release|Any CPU
		{F3E71BA8-ED25-4628-A9B2-07A74B87A53F}.Release|Any CPU.Deploy.0 = Release|Any CPU
		{F3E71BA8-ED25-4628-A9B2-07A74B87A53F}.Release|ARM.ActiveCfg = Release|ARM
		{F3E71BA8-ED25-4628-A9B2-07A74B87A53F}.Release|ARM.Build.0 = Release|ARM
		{F3E71BA8-ED25-4628-A9B2-07A74B87A53F}.Release|ARM.Deploy.0 = Release|ARM
		{F3E71BA8-ED25-4628-A9B2-07A74B87A53F}.Release|iPhone.ActiveCfg = Release|Any CPU
		{F3E71BA8-ED25-4628-A9B2-07A74B87A53F}.Release|iPhoneSimulator.ActiveCfg = Release|Any CPU
		{F3E71BA8-ED25-4628-A9B2-07A74B87A53F}.Release|Mixed Platforms.ActiveCfg = Release|x86
		{F3E71BA8-ED25-4628-A9B2-07A74B87A53F}.Release|Mixed Platforms.Build.0 = Release|x86
		{F3E71BA8-ED25-4628-A9B2-07A74B87A53F}.Release|Mixed Platforms.Deploy.0 = Release|x86
		{F3E71BA8-ED25-4628-A9B2-07A74B87A53F}.Release|x86.ActiveCfg = Release|x86
		{F3E71BA8-ED25-4628-A9B2-07A74B87A53F}.Release|x86.Build.0 = Release|x86
		{F3E71BA8-ED25-4628-A9B2-07A74B87A53F}.Release|x86.Deploy.0 = Release|x86
	EndGlobalSection
	GlobalSection(SolutionProperties) = preSolution
		HideSolutionNode = FALSE
	EndGlobalSection
EndGlobal
